
Microsoft Visual Studio Solution File, Format Version 12.00
# Visual Studio Version 17
VisualStudioVersion = 17.2.32505.173
MinimumVisualStudioVersion = 10.0.40219.1
Project("{FAE04EC0-301F-11D3-BF4B-00C04F79EFBC}") = "VIATECH-Feedback", "VIATECH-Feedback.csproj", "{A63DE023-259B-422D-924F-2BF8A02C892F}"
EndProject
Global
	GlobalSection(SolutionConfigurationPlatforms) = preSolution
		Debug|Any CPU = Debug|Any CPU
		Release|Any CPU = Release|Any CPU
	EndGlobalSection
	GlobalSection(ProjectConfigurationPlatforms) = postSolution
		{A63DE023-259B-422D-924F-2BF8A02C892F}.Debug|Any CPU.ActiveCfg = Debug|Any CPU
		{A63DE023-259B-422D-924F-2BF8A02C892F}.Debug|Any CPU.Build.0 = Debug|Any CPU
		{A63DE023-259B-422D-924F-2BF8A02C892F}.Release|Any CPU.ActiveCfg = Release|Any CPU
		{A63DE023-259B-422D-924F-2BF8A02C892F}.Release|Any CPU.Build.0 = Release|Any CPU
	EndGlobalSection
	GlobalSection(SolutionProperties) = preSolution
		HideSolutionNode = FALSE
	EndGlobalSection
	GlobalSection(ExtensibilityGlobals) = postSolution
		SolutionGuid = {5393414E-2094-4262-AD83-14C8B2382555}
	EndGlobalSection
EndGlobal
